{
  "name": "@t8/react-pending",
  "version": "1.0.4",
  "lockfileVersion": 3,
  "requires": true,
  "packages": {
    "": {
      "name": "@t8/react-pending",
      "version": "1.0.4",
      "license": "ISC",
      "dependencies": {
        "@t8/react-store": "^1.0.2"
      },
      "devDependencies": {
        "@types/react": "^19.1.10"
      },
      "peerDependencies": {
        "react": ">=16.8"
      }
    },
    "node_modules/@t8/react-store": {
      "version": "1.0.2",
      "resolved": "https://registry.npmjs.org/@t8/react-store/-/react-store-1.0.2.tgz",
      "integrity": "sha512-AMs2RZoJ1JUidmZx7vJu2Ctkn+sI81oe35ptvqh08Lp9hQFvBSQIIjLTzoaUQoKosDQmJL5gFX0y8DVRfdq5lw==",
      "license": "ISC",
      "dependencies": {
        "@t8/store": "^1.0.1"
      },
      "peerDependencies": {
        "react": ">=16.8"
      }
    },
    "node_modules/@t8/store": {
      "version": "1.0.1",
      "resolved": "https://registry.npmjs.org/@t8/store/-/store-1.0.1.tgz",
      "integrity": "sha512-vizPqlxNN0Oqoo+tQj1W2fM8R56+vCTDGCUNzO5WwEVFQcfJ/Gl5nJA+eNbhFyNFKiBb0CztXtglwyy3qeib8w==",
      "license": "ISC"
    },
    "node_modules/@types/react": {
      "version": "19.1.10",
      "resolved": "https://registry.npmjs.org/@types/react/-/react-19.1.10.tgz",
      "integrity": "sha512-EhBeSYX0Y6ye8pNebpKrwFJq7BoQ8J5SO6NlvNwwHjSj6adXJViPQrKlsyPw7hLBLvckEMO1yxeGdR82YBBlDg==",
      "dev": true,
      "license": "MIT",
      "dependencies": {
        "csstype": "^3.0.2"
      }
    },
    "node_modules/csstype": {
      "version": "3.1.3",
      "resolved": "https://registry.npmjs.org/csstype/-/csstype-3.1.3.tgz",
      "integrity": "sha512-M1uQkMl8rQK/szD0LNhtqxIPLpimGm8sOBwU7lLnCpSbTyY3yeU1Vc7l4KT5zT4s/yOxHH5O7tIuuLOCnLADRw==",
      "dev": true,
      "license": "MIT"
    },
    "node_modules/react": {
      "version": "19.1.1",
      "resolved": "https://registry.npmjs.org/react/-/react-19.1.1.tgz",
      "integrity": "sha512-w8nqGImo45dmMIfljjMwOGtbmC/mk4CMYhWIicdSflH91J9TyCyczcPFXJzrZ/ZXcgGRFeP6BU0BEJTw6tZdfQ==",
      "license": "MIT",
      "peer": true,
      "engines": {
        "node": ">=0.10.0"
      }
    }
  }
}
