{
  "name": "@t8/react-pending",
  "version": "1.0.9",
  "lockfileVersion": 3,
  "requires": true,
  "packages": {
    "": {
      "name": "@t8/react-pending",
      "version": "1.0.9",
      "license": "ISC",
      "dependencies": {
        "@t8/react-store": "^1.0.10"
      },
      "devDependencies": {
        "@types/react": "^19.1.10",
        "typescript": "^5.9.2"
      },
      "peerDependencies": {
        "react": ">=16.8"
      }
    },
    "node_modules/@t8/react-store": {
      "version": "1.0.10",
      "resolved": "https://registry.npmjs.org/@t8/react-store/-/react-store-1.0.10.tgz",
      "integrity": "sha512-M94N0kCQ9kcNd6MDwxw1gymuQzBMU2yKHfutmsv+pWKE+ehVU6NdwkAXFO2TXejD+COhcCQlQrzA+OqQXxBdPw==",
      "license": "ISC",
      "dependencies": {
        "@t8/store": "^1.1.2"
      },
      "peerDependencies": {
        "react": ">=16.8"
      }
    },
    "node_modules/@t8/store": {
      "version": "1.1.2",
      "resolved": "https://registry.npmjs.org/@t8/store/-/store-1.1.2.tgz",
      "integrity": "sha512-J64vjTqMIBtDwtG7bcgTbF0EPqtwrzA1mW9Aj8xfAYOLwu3iUqfCcaEuXITplAUpDmGDxgIF09km+3yv+C52EQ==",
      "license": "ISC"
    },
    "node_modules/@types/react": {
      "version": "19.1.10",
      "resolved": "https://registry.npmjs.org/@types/react/-/react-19.1.10.tgz",
      "integrity": "sha512-EhBeSYX0Y6ye8pNebpKrwFJq7BoQ8J5SO6NlvNwwHjSj6adXJViPQrKlsyPw7hLBLvckEMO1yxeGdR82YBBlDg==",
      "dev": true,
      "license": "MIT",
      "dependencies": {
        "csstype": "^3.0.2"
      }
    },
    "node_modules/csstype": {
      "version": "3.1.3",
      "resolved": "https://registry.npmjs.org/csstype/-/csstype-3.1.3.tgz",
      "integrity": "sha512-M1uQkMl8rQK/szD0LNhtqxIPLpimGm8sOBwU7lLnCpSbTyY3yeU1Vc7l4KT5zT4s/yOxHH5O7tIuuLOCnLADRw==",
      "dev": true,
      "license": "MIT"
    },
    "node_modules/react": {
      "version": "19.1.1",
      "resolved": "https://registry.npmjs.org/react/-/react-19.1.1.tgz",
      "integrity": "sha512-w8nqGImo45dmMIfljjMwOGtbmC/mk4CMYhWIicdSflH91J9TyCyczcPFXJzrZ/ZXcgGRFeP6BU0BEJTw6tZdfQ==",
      "license": "MIT",
      "peer": true,
      "engines": {
        "node": ">=0.10.0"
      }
    },
    "node_modules/typescript": {
      "version": "5.9.2",
      "resolved": "https://registry.npmjs.org/typescript/-/typescript-5.9.2.tgz",
      "integrity": "sha512-CWBzXQrc/qOkhidw1OzBTQuYRbfyxDXJMVJ1XNwUHGROVmuaeiEm3OslpZ1RV96d7SKKjZKrSJu3+t/xlw3R9A==",
      "dev": true,
      "license": "Apache-2.0",
      "bin": {
        "tsc": "bin/tsc",
        "tsserver": "bin/tsserver"
      },
      "engines": {
        "node": ">=14.17"
      }
    }
  }
}
